
Microsoft Visual Studio Solution File, Format Version 12.00
# Visual Studio Version 17
VisualStudioVersion = 17.4.33103.184
MinimumVisualStudioVersion = 10.0.40219.1
Project("{FAE04EC0-301F-11D3-BF4B-00C04F79EFBC}") = "Practica_2", "Practica_2.csproj", "{FA9B80D4-8F60-4C7C-8230-61167DE5F0B7}"
EndProject
Project("{2150E333-8FDC-42A3-9474-1A3956D46DE8}") = "Elementos de la solución", "Elementos de la solución", "{A1B83993-8031-459C-888D-AA7BD0105617}"
	ProjectSection(SolutionItems) = preProject
		Imagenes\imagen1.jpg = Imagenes\imagen1.jpg
		Imagenes\imagen2.jpeg = Imagenes\imagen2.jpeg
		Imagenes\imagen3.jpeg = Imagenes\imagen3.jpeg
		Imagenes\imagen4.jpg = Imagenes\imagen4.jpg
	EndProjectSection
EndProject
Global
	GlobalSection(SolutionConfigurationPlatforms) = preSolution
		Debug|Any CPU = Debug|Any CPU
		Release|Any CPU = Release|Any CPU
	EndGlobalSection
	GlobalSection(ProjectConfigurationPlatforms) = postSolution
		{FA9B80D4-8F60-4C7C-8230-61167DE5F0B7}.Debug|Any CPU.ActiveCfg = Debug|Any CPU
		{FA9B80D4-8F60-4C7C-8230-61167DE5F0B7}.Debug|Any CPU.Build.0 = Debug|Any CPU
		{FA9B80D4-8F60-4C7C-8230-61167DE5F0B7}.Release|Any CPU.ActiveCfg = Release|Any CPU
		{FA9B80D4-8F60-4C7C-8230-61167DE5F0B7}.Release|Any CPU.Build.0 = Release|Any CPU
	EndGlobalSection
	GlobalSection(SolutionProperties) = preSolution
		HideSolutionNode = FALSE
	EndGlobalSection
	GlobalSection(ExtensibilityGlobals) = postSolution
		SolutionGuid = {B6155B79-C7C5-450B-9038-E01BECF996B0}
	EndGlobalSection
EndGlobal
